// !$*UTF8*$!
{
	archiveVersion = 1;
	classes = {
	};
	objectVersion = 46;
	objects = {

/* Begin PBXBuildFile section */
		7960C53BE093A32FFEB8C725 /* Pods_PHFDelegateChain.framework in Frameworks */ = {isa = PBXBuildFile; fileRef = 66AF7DBF7FBF59F1E3FCE198 /* Pods_PHFDelegateChain.framework */; };
		D505ED6C15736C4000990F20 /* Cocoa.framework in Frameworks */ = {isa = PBXBuildFile; fileRef = D505ED6B15736C4000990F20 /* Cocoa.framework */; };
		D505EDB21574267100990F20 /* PHFDelegateChain.h in Headers */ = {isa = PBXBuildFile; fileRef = D505EDB01574267100990F20 /* PHFDelegateChain.h */; };
		D505EDB31574267100990F20 /* PHFDelegateChain.m in Sources */ = {isa = PBXBuildFile; fileRef = D505EDB11574267100990F20 /* PHFDelegateChain.m */; };
/* End PBXBuildFile section */

/* Begin PBXFileReference section */
		3849D8EFD425352D0861CC4A /* Pods-PHFDelegateChain.debug.xcconfig */ = {isa = PBXFileReference; includeInIndex = 1; lastKnownFileType = text.xcconfig; name = "Pods-PHFDelegateChain.debug.xcconfig"; path = "Target Support Files/Pods-PHFDelegateChain/Pods-PHFDelegateChain.debug.xcconfig"; sourceTree = "<group>"; };
		66AF7DBF7FBF59F1E3FCE198 /* Pods_PHFDelegateChain.framework */ = {isa = PBXFileReference; explicitFileType = wrapper.framework; includeInIndex = 0; path = Pods_PHFDelegateChain.framework; sourceTree = BUILT_PRODUCTS_DIR; };
		91CC787B0796876220E69C4F /* Pods-PHFDelegateChain.release.xcconfig */ = {isa = PBXFileReference; includeInIndex = 1; lastKnownFileType = text.xcconfig; name = "Pods-PHFDelegateChain.release.xcconfig"; path = "Target Support Files/Pods-PHFDelegateChain/Pods-PHFDelegateChain.release.xcconfig"; sourceTree = "<group>"; };
		93DE978ACAF340F190CF5F53 /* libPods.a */ = {isa = PBXFileReference; explicitFileType = archive.ar; includeInIndex = 0; path = libPods.a; sourceTree = BUILT_PRODUCTS_DIR; };
		D505ED6815736C4000990F20 /* PHFDelegateChain.dylib */ = {isa = PBXFileReference; explicitFileType = "compiled.mach-o.dylib"; includeInIndex = 0; path = PHFDelegateChain.dylib; sourceTree = BUILT_PRODUCTS_DIR; };
		D505ED6B15736C4000990F20 /* Cocoa.framework */ = {isa = PBXFileReference; lastKnownFileType = wrapper.framework; name = Cocoa.framework; path = System/Library/Frameworks/Cocoa.framework; sourceTree = SDKROOT; };
		D505ED6E15736C4000990F20 /* AppKit.framework */ = {isa = PBXFileReference; lastKnownFileType = wrapper.framework; name = AppKit.framework; path = System/Library/Frameworks/AppKit.framework; sourceTree = SDKROOT; };
		D505ED6F15736C4000990F20 /* CoreData.framework */ = {isa = PBXFileReference; lastKnownFileType = wrapper.framework; name = CoreData.framework; path = System/Library/Frameworks/CoreData.framework; sourceTree = SDKROOT; };
		D505ED7015736C4000990F20 /* Foundation.framework */ = {isa = PBXFileReference; lastKnownFileType = wrapper.framework; name = Foundation.framework; path = System/Library/Frameworks/Foundation.framework; sourceTree = SDKROOT; };
		D505ED7D15736C4000990F20 /* SenTestingKit.framework */ = {isa = PBXFileReference; lastKnownFileType = wrapper.framework; name = SenTestingKit.framework; path = Library/Frameworks/SenTestingKit.framework; sourceTree = DEVELOPER_DIR; };
		D505EDB01574267100990F20 /* PHFDelegateChain.h */ = {isa = PBXFileReference; fileEncoding = 4; lastKnownFileType = sourcecode.c.h; name = PHFDelegateChain.h; path = Sources/PHFDelegateChain.h; sourceTree = "<group>"; };
		D505EDB11574267100990F20 /* PHFDelegateChain.m */ = {isa = PBXFileReference; fileEncoding = 4; lastKnownFileType = sourcecode.c.objc; name = PHFDelegateChain.m; path = Sources/PHFDelegateChain.m; sourceTree = "<group>"; };
/* End PBXFileReference section */

/* Begin PBXFrameworksBuildPhase section */
		D505ED6515736C4000990F20 /* Frameworks */ = {
			isa = PBXFrameworksBuildPhase;
			buildActionMask = 2147483647;
			files = (
				D505ED6C15736C4000990F20 /* Cocoa.framework in Frameworks */,
				7960C53BE093A32FFEB8C725 /* Pods_PHFDelegateChain.framework in Frameworks */,
			);
			runOnlyForDeploymentPostprocessing = 0;
		};
/* End PBXFrameworksBuildPhase section */

/* Begin PBXGroup section */
		6A6525116B3B2923D24C0EC8 /* Pods */ = {
			isa = PBXGroup;
			children = (
				3849D8EFD425352D0861CC4A /* Pods-PHFDelegateChain.debug.xcconfig */,
				91CC787B0796876220E69C4F /* Pods-PHFDelegateChain.release.xcconfig */,
			);
			name = Pods;
			path = Pods;
			sourceTree = "<group>";
		};
		D505ED5D15736C4000990F20 = {
			isa = PBXGroup;
			children = (
				D505EDB01574267100990F20 /* PHFDelegateChain.h */,
				D505EDB11574267100990F20 /* PHFDelegateChain.m */,
				D505ED6A15736C4000990F20 /* Frameworks */,
				D505ED6915736C4000990F20 /* Products */,
				6A6525116B3B2923D24C0EC8 /* Pods */,
			);
			sourceTree = "<group>";
		};
		D505ED6915736C4000990F20 /* Products */ = {
			isa = PBXGroup;
			children = (
				D505ED6815736C4000990F20 /* PHFDelegateChain.dylib */,
			);
			name = Products;
			sourceTree = "<group>";
		};
		D505ED6A15736C4000990F20 /* Frameworks */ = {
			isa = PBXGroup;
			children = (
				D505ED6B15736C4000990F20 /* Cocoa.framework */,
				D505ED7D15736C4000990F20 /* SenTestingKit.framework */,
				D505ED6D15736C4000990F20 /* Other Frameworks */,
				93DE978ACAF340F190CF5F53 /* libPods.a */,
				66AF7DBF7FBF59F1E3FCE198 /* Pods_PHFDelegateChain.framework */,
			);
			name = Frameworks;
			sourceTree = "<group>";
		};
		D505ED6D15736C4000990F20 /* Other Frameworks */ = {
			isa = PBXGroup;
			children = (
				D505ED6E15736C4000990F20 /* AppKit.framework */,
				D505ED6F15736C4000990F20 /* CoreData.framework */,
				D505ED7015736C4000990F20 /* Foundation.framework */,
			);
			name = "Other Frameworks";
			sourceTree = "<group>";
		};
/* End PBXGroup section */

/* Begin PBXHeadersBuildPhase section */
		D505ED6615736C4000990F20 /* Headers */ = {
			isa = PBXHeadersBuildPhase;
			buildActionMask = 2147483647;
			files = (
				D505EDB21574267100990F20 /* PHFDelegateChain.h in Headers */,
			);
			runOnlyForDeploymentPostprocessing = 0;
		};
/* End PBXHeadersBuildPhase section */

/* Begin PBXNativeTarget section */
		D505ED6715736C4000990F20 /* PHFDelegateChain */ = {
			isa = PBXNativeTarget;
			buildConfigurationList = D505ED8E15736C4000990F20 /* Build configuration list for PBXNativeTarget "PHFDelegateChain" */;
			buildPhases = (
				A474F39011D85158C11171A3 /* [CP] Check Pods Manifest.lock */,
				D505ED6415736C4000990F20 /* Sources */,
				D505ED6515736C4000990F20 /* Frameworks */,
				D505ED6615736C4000990F20 /* Headers */,
			);
			buildRules = (
			);
			dependencies = (
			);
			name = PHFDelegateChain;
			productName = PHFDelegateChain;
			productReference = D505ED6815736C4000990F20 /* PHFDelegateChain.dylib */;
			productType = "com.apple.product-type.library.dynamic";
		};
/* End PBXNativeTarget section */

/* Begin PBXProject section */
		D505ED5F15736C4000990F20 /* Project object */ = {
			isa = PBXProject;
			attributes = {
				LastUpgradeCheck = 0430;
				ORGANIZATIONNAME = loqize.me;
			};
			buildConfigurationList = D505ED6215736C4000990F20 /* Build configuration list for PBXProject "PHFDelegateChain" */;
			compatibilityVersion = "Xcode 3.2";
			developmentRegion = English;
			hasScannedForEncodings = 0;
			knownRegions = (
				English,
				en,
			);
			mainGroup = D505ED5D15736C4000990F20;
			productRefGroup = D505ED6915736C4000990F20 /* Products */;
			projectDirPath = "";
			projectRoot = "";
			targets = (
				D505ED6715736C4000990F20 /* PHFDelegateChain */,
			);
		};
/* End PBXProject section */

/* Begin PBXShellScriptBuildPhase section */
		A474F39011D85158C11171A3 /* [CP] Check Pods Manifest.lock */ = {
			isa = PBXShellScriptBuildPhase;
			buildActionMask = 2147483647;
			files = (
			);
			inputFileListPaths = (
			);
			inputPaths = (
				"${PODS_PODFILE_DIR_PATH}/Podfile.lock",
				"${PODS_ROOT}/Manifest.lock",
			);
			name = "[CP] Check Pods Manifest.lock";
			outputFileListPaths = (
			);
			outputPaths = (
				"$(DERIVED_FILE_DIR)/Pods-PHFDelegateChain-checkManifestLockResult.txt",
			);
			runOnlyForDeploymentPostprocessing = 0;
			shellPath = /bin/sh;
			shellScript = "diff \"${PODS_PODFILE_DIR_PATH}/Podfile.lock\" \"${PODS_ROOT}/Manifest.lock\" > /dev/null\nif [ $? != 0 ] ; then\n    # print error to STDERR\n    echo \"error: The sandbox is not in sync with the Podfile.lock. Run 'pod install' or update your CocoaPods installation.\" >&2\n    exit 1\nfi\n# This output is used by Xcode 'outputs' to avoid re-running this script phase.\necho \"SUCCESS\" > \"${SCRIPT_OUTPUT_FILE_0}\"\n";
			showEnvVarsInLog = 0;
		};
/* End PBXShellScriptBuildPhase section */

/* Begin PBXSourcesBuildPhase section */
		D505ED6415736C4000990F20 /* Sources */ = {
			isa = PBXSourcesBuildPhase;
			buildActionMask = 2147483647;
			files = (
				D505EDB31574267100990F20 /* PHFDelegateChain.m in Sources */,
			);
			runOnlyForDeploymentPostprocessing = 0;
		};
/* End PBXSourcesBuildPhase section */

/* Begin XCBuildConfiguration section */
		D505ED8C15736C4000990F20 /* Debug */ = {
			isa = XCBuildConfiguration;
			buildSettings = {
				ALWAYS_SEARCH_USER_PATHS = NO;
				ARCHS = "$(ARCHS_STANDARD_64_BIT)";
				CLANG_ENABLE_OBJC_ARC = YES;
				COPY_PHASE_STRIP = NO;
				GCC_C_LANGUAGE_STANDARD = gnu99;
				GCC_DYNAMIC_NO_PIC = NO;
				GCC_ENABLE_OBJC_EXCEPTIONS = YES;
				GCC_OPTIMIZATION_LEVEL = 0;
				GCC_PREPROCESSOR_DEFINITIONS = (
					"DEBUG=1",
					"$(inherited)",
				);
				GCC_SYMBOLS_PRIVATE_EXTERN = NO;
				GCC_VERSION = com.apple.compilers.llvm.clang.1_0;
				GCC_WARN_64_TO_32_BIT_CONVERSION = YES;
				GCC_WARN_ABOUT_RETURN_TYPE = YES;
				GCC_WARN_UNINITIALIZED_AUTOS = YES;
				GCC_WARN_UNUSED_VARIABLE = YES;
				MACOSX_DEPLOYMENT_TARGET = 10.7;
				ONLY_ACTIVE_ARCH = YES;
				SDKROOT = macosx;
			};
			name = Debug;
		};
		D505ED8D15736C4000990F20 /* Release */ = {
			isa = XCBuildConfiguration;
			buildSettings = {
				ALWAYS_SEARCH_USER_PATHS = NO;
				ARCHS = "$(ARCHS_STANDARD_64_BIT)";
				CLANG_ENABLE_OBJC_ARC = YES;
				COPY_PHASE_STRIP = YES;
				DEBUG_INFORMATION_FORMAT = "dwarf-with-dsym";
				GCC_C_LANGUAGE_STANDARD = gnu99;
				GCC_ENABLE_OBJC_EXCEPTIONS = YES;
				GCC_VERSION = com.apple.compilers.llvm.clang.1_0;
				GCC_WARN_64_TO_32_BIT_CONVERSION = YES;
				GCC_WARN_ABOUT_RETURN_TYPE = YES;
				GCC_WARN_UNINITIALIZED_AUTOS = YES;
				GCC_WARN_UNUSED_VARIABLE = YES;
				MACOSX_DEPLOYMENT_TARGET = 10.7;
				SDKROOT = macosx;
			};
			name = Release;
		};
		D505ED8F15736C4000990F20 /* Debug */ = {
			isa = XCBuildConfiguration;
			baseConfigurationReference = 3849D8EFD425352D0861CC4A /* Pods-PHFDelegateChain.debug.xcconfig */;
			buildSettings = {
				DSTROOT = /tmp/xcodeproj.dst;
				DYLIB_COMPATIBILITY_VERSION = 1;
				DYLIB_CURRENT_VERSION = 1;
				GCC_VERSION = com.apple.compilers.llvm.clang.1_0;
				PRODUCT_NAME = "$(TARGET_NAME)";
				SKIP_INSTALL = YES;
			};
			name = Debug;
		};
		D505ED9015736C4000990F20 /* Release */ = {
			isa = XCBuildConfiguration;
			baseConfigurationReference = 91CC787B0796876220E69C4F /* Pods-PHFDelegateChain.release.xcconfig */;
			buildSettings = {
				DSTROOT = /tmp/xcodeproj.dst;
				DYLIB_COMPATIBILITY_VERSION = 1;
				DYLIB_CURRENT_VERSION = 1;
				GCC_VERSION = com.apple.compilers.llvm.clang.1_0;
				PRODUCT_NAME = "$(TARGET_NAME)";
				SKIP_INSTALL = YES;
			};
			name = Release;
		};
/* End XCBuildConfiguration section */

/* Begin XCConfigurationList section */
		D505ED6215736C4000990F20 /* Build configuration list for PBXProject "PHFDelegateChain" */ = {
			isa = XCConfigurationList;
			buildConfigurations = (
				D505ED8C15736C4000990F20 /* Debug */,
				D505ED8D15736C4000990F20 /* Release */,
			);
			defaultConfigurationIsVisible = 0;
			defaultConfigurationName = Release;
		};
		D505ED8E15736C4000990F20 /* Build configuration list for PBXNativeTarget "PHFDelegateChain" */ = {
			isa = XCConfigurationList;
			buildConfigurations = (
				D505ED8F15736C4000990F20 /* Debug */,
				D505ED9015736C4000990F20 /* Release */,
			);
			defaultConfigurationIsVisible = 0;
			defaultConfigurationName = Release;
		};
/* End XCConfigurationList section */
	};
	rootObject = D505ED5F15736C4000990F20 /* Project object */;
}
